# THIS IS AN AUTOGENERATED FILE. DO NOT EDIT THIS FILE DIRECTLY.
# yarn lockfile v1


"@algolia/cache-browser-local-storage@4.19.1":
  version "4.19.1"
  resolved "https://registry.yarnpkg.com/@algolia/cache-browser-local-storage/-/cache-browser-local-storage-4.19.1.tgz#d29f42775ed4d117182897ac164519c593faf399"
  integrity sha512-FYAZWcGsFTTaSAwj9Std8UML3Bu8dyWDncM7Ls8g+58UOe4XYdlgzXWbrIgjaguP63pCCbMoExKr61B+ztK3tw==
  dependencies:
    "@algolia/cache-common" "4.19.1"

"@algolia/cache-common@4.19.1":
  version "4.19.1"
  resolved "https://registry.yarnpkg.com/@algolia/cache-common/-/cache-common-4.19.1.tgz#faa5eeacaffd6023c2cf26e9866bdb06193f9b26"
  integrity sha512-XGghi3l0qA38HiqdoUY+wvGyBsGvKZ6U3vTiMBT4hArhP3fOGLXpIINgMiiGjTe4FVlTa5a/7Zf2bwlIHfRqqg==

"@algolia/cache-in-memory@4.19.1":
  version "4.19.1"
  resolved "https://registry.yarnpkg.com/@algolia/cache-in-memory/-/cache-in-memory-4.19.1.tgz#afe4f0f21149800358379871089e0141fb72415b"
  integrity sha512-+PDWL+XALGvIginigzu8oU6eWw+o76Z8zHbBovWYcrtWOEtinbl7a7UTt3x3lthv+wNuFr/YD1Gf+B+A9V8n5w==
  dependencies:
    "@algolia/cache-common" "4.19.1"

"@algolia/client-account@4.19.1":
  version "4.19.1"
  resolved "https://registry.yarnpkg.com/@algolia/client-account/-/client-account-4.19.1.tgz#1fa65881baab79ad35af6bcf44646a13b8d5edc9"
  integrity sha512-Oy0ritA2k7AMxQ2JwNpfaEcgXEDgeyKu0V7E7xt/ZJRdXfEpZcwp9TOg4TJHC7Ia62gIeT2Y/ynzsxccPw92GA==
  dependencies:
    "@algolia/client-common" "4.19.1"
    "@algolia/client-search" "4.19.1"
    "@algolia/transporter" "4.19.1"

"@algolia/client-analytics@4.19.1":
  version "4.19.1"
  resolved "https://registry.yarnpkg.com/@algolia/client-analytics/-/client-analytics-4.19.1.tgz#e6ed79acd4de5a0284c9696bf4e1c25278ba34db"
  integrity sha512-5QCq2zmgdZLIQhHqwl55ZvKVpLM3DNWjFI4T+bHr3rGu23ew2bLO4YtyxaZeChmDb85jUdPDouDlCumGfk6wOg==
  dependencies:
    "@algolia/client-common" "4.19.1"
    "@algolia/client-search" "4.19.1"
    "@algolia/requester-common" "4.19.1"
    "@algolia/transporter" "4.19.1"

"@algolia/client-common@4.19.1":
  version "4.19.1"
  resolved "https://registry.yarnpkg.com/@algolia/client-common/-/client-common-4.19.1.tgz#40a8387316fa61d62ad1091beb3a8e227f008e75"
  integrity sha512-3kAIVqTcPrjfS389KQvKzliC559x+BDRxtWamVJt8IVp7LGnjq+aVAXg4Xogkur1MUrScTZ59/AaUd5EdpyXgA==
  dependencies:
    "@algolia/requester-common" "4.19.1"
    "@algolia/transporter" "4.19.1"

"@algolia/client-personalization@4.19.1":
  version "4.19.1"
  resolved "https://registry.yarnpkg.com/@algolia/client-personalization/-/client-personalization-4.19.1.tgz#fe362e0684dc74c3504c3641c5a7488c6ae02e07"
  integrity sha512-8CWz4/H5FA+krm9HMw2HUQenizC/DxUtsI5oYC0Jxxyce1vsr8cb1aEiSJArQT6IzMynrERif1RVWLac1m36xw==
  dependencies:
    "@algolia/client-common" "4.19.1"
    "@algolia/requester-common" "4.19.1"
    "@algolia/transporter" "4.19.1"

"@algolia/client-search@4.19.1":
  version "4.19.1"
  resolved "https://registry.yarnpkg.com/@algolia/client-search/-/client-search-4.19.1.tgz#5e54601aa5f5cea790cec3f2cde4af9d6403871e"
  integrity sha512-mBecfMFS4N+yK/p0ZbK53vrZbL6OtWMk8YmnOv1i0LXx4pelY8TFhqKoTit3NPVPwoSNN0vdSN9dTu1xr1XOVw==
  dependencies:
    "@algolia/client-common" "4.19.1"
    "@algolia/requester-common" "4.19.1"
    "@algolia/transporter" "4.19.1"

"@algolia/logger-common@4.19.1":
  version "4.19.1"
  resolved "https://registry.yarnpkg.com/@algolia/logger-common/-/logger-common-4.19.1.tgz#0e46a11510f3e94e1afc0ac780ae52e9597be78f"
  integrity sha512-i6pLPZW/+/YXKis8gpmSiNk1lOmYCmRI6+x6d2Qk1OdfvX051nRVdalRbEcVTpSQX6FQAoyeaui0cUfLYW5Elw==

"@algolia/logger-console@4.19.1":
  version "4.19.1"
  resolved "https://registry.yarnpkg.com/@algolia/logger-console/-/logger-console-4.19.1.tgz#656a6f4ebb5de39af6ef7095c398d9ab3cceb87d"
  integrity sha512-jj72k9GKb9W0c7TyC3cuZtTr0CngLBLmc8trzZlXdfvQiigpUdvTi1KoWIb2ZMcRBG7Tl8hSb81zEY3zI2RlXg==
  dependencies:
    "@algolia/logger-common" "4.19.1"

"@algolia/requester-browser-xhr@4.19.1":
  version "4.19.1"
  resolved "https://registry.yarnpkg.com/@algolia/requester-browser-xhr/-/requester-browser-xhr-4.19.1.tgz#7341ea2f980b8980a2976110142026721e452187"
  integrity sha512-09K/+t7lptsweRTueHnSnmPqIxbHMowejAkn9XIcJMLdseS3zl8ObnS5GWea86mu3vy4+8H+ZBKkUN82Zsq/zg==
  dependencies:
    "@algolia/requester-common" "4.19.1"

"@algolia/requester-common@4.19.1":
  version "4.19.1"
  resolved "https://registry.yarnpkg.com/@algolia/requester-common/-/requester-common-4.19.1.tgz#f3396c77631b9d36e8d4d6f819a2c27f9ddbf7a1"
  integrity sha512-BisRkcWVxrDzF1YPhAckmi2CFYK+jdMT60q10d7z3PX+w6fPPukxHRnZwooiTUrzFe50UBmLItGizWHP5bDzVQ==

"@algolia/requester-node-http@4.19.1":
  version "4.19.1"
  resolved "https://registry.yarnpkg.com/@algolia/requester-node-http/-/requester-node-http-4.19.1.tgz#ea210de9642628b3bdda1dd7fcd1fcb686da442e"
  integrity sha512-6DK52DHviBHTG2BK/Vv2GIlEw7i+vxm7ypZW0Z7vybGCNDeWzADx+/TmxjkES2h15+FZOqVf/Ja677gePsVItA==
  dependencies:
    "@algolia/requester-common" "4.19.1"

"@algolia/transporter@4.19.1":
  version "4.19.1"
  resolved "https://registry.yarnpkg.com/@algolia/transporter/-/transporter-4.19.1.tgz#b5787299740c4bec9ba05502d98c14b5999860c8"
  integrity sha512-nkpvPWbpuzxo1flEYqNIbGz7xhfhGOKGAZS7tzC+TELgEmi7z99qRyTfNSUlW7LZmB3ACdnqAo+9A9KFBENviQ==
  dependencies:
    "@algolia/cache-common" "4.19.1"
    "@algolia/logger-common" "4.19.1"
    "@algolia/requester-common" "4.19.1"

"@babel/runtime@^7.21.0":
  version "7.22.15"
  resolved "https://registry.yarnpkg.com/@babel/runtime/-/runtime-7.22.15.tgz#38f46494ccf6cf020bd4eed7124b425e83e523b8"
  integrity sha512-T0O+aa+4w0u06iNmapipJXMV4HoUir03hpx3/YqXXhu9xim3w+dVphjFWl1OH8NbZHw5Lbm9k45drDkgq2VNNA==
  dependencies:
    regenerator-runtime "^0.14.0"

"@discordjs/builders@^1.6.3":
  version "1.6.3"
  resolved "https://registry.yarnpkg.com/@discordjs/builders/-/builders-1.6.3.tgz#994b4fe57e77b47096f74bb5a1f664870a930a43"
  integrity sha512-CTCh8NqED3iecTNuiz49mwSsrc2iQb4d0MjMdmS/8pb69Y4IlzJ/DIy/p5GFlgOrFbNO2WzMHkWKQSiJ3VNXaw==
  dependencies:
    "@discordjs/formatters" "^0.3.1"
    "@discordjs/util" "^0.3.1"
    "@sapphire/shapeshift" "^3.8.2"
    discord-api-types "^0.37.41"
    fast-deep-equal "^3.1.3"
    ts-mixer "^6.0.3"
    tslib "^2.5.0"

"@discordjs/collection@^1.5.1":
  version "1.5.1"
  resolved "https://registry.yarnpkg.com/@discordjs/collection/-/collection-1.5.1.tgz#bc7ca557838dc29247bf19860426637f103bc383"
  integrity sha512-aWEc9DCf3TMDe9iaJoOnO2+JVAjeRNuRxPZQA6GVvBf+Z3gqUuWYBy2NWh4+5CLYq5uoc3MOvUQ5H5m8CJBqOA==

"@discordjs/formatters@^0.3.1":
  version "0.3.1"
  resolved "https://registry.yarnpkg.com/@discordjs/formatters/-/formatters-0.3.1.tgz#81393cf25e6e3223361061629752ea727475e842"
  integrity sha512-M7X4IGiSeh4znwcRGcs+49B5tBkNDn4k5bmhxJDAUhRxRHTiFAOTVUNQ6yAKySu5jZTnCbSvTYHW3w0rAzV1MA==
  dependencies:
    discord-api-types "^0.37.41"

"@discordjs/rest@^1.7.1":
  version "1.7.1"
  resolved "https://registry.yarnpkg.com/@discordjs/rest/-/rest-1.7.1.tgz#eeef0e71a37c95fa27962129729b2aa9de8e3752"
  integrity sha512-Ofa9UqT0U45G/eX86cURQnX7gzOJLG2oC28VhIk/G6IliYgQF7jFByBJEykPSHE4MxPhqCleYvmsrtfKh1nYmQ==
  dependencies:
    "@discordjs/collection" "^1.5.1"
    "@discordjs/util" "^0.3.0"
    "@sapphire/async-queue" "^1.5.0"
    "@sapphire/snowflake" "^3.4.2"
    discord-api-types "^0.37.41"
    file-type "^18.3.0"
    tslib "^2.5.0"
    undici "^5.22.0"

"@discordjs/util@^0.3.0", "@discordjs/util@^0.3.1":
  version "0.3.1"
  resolved "https://registry.yarnpkg.com/@discordjs/util/-/util-0.3.1.tgz#4e8737e1dcff7e9f5eccc3116fb44755b65b1e97"
  integrity sha512-HxXKYKg7vohx2/OupUN/4Sd02Ev3PBJ5q0gtjdcvXb0ErCva8jNHWfe/v5sU3UKjIB/uxOhc+TDOnhqffj9pRA==

"@discordjs/ws@^0.8.3":
  version "0.8.3"
  resolved "https://registry.yarnpkg.com/@discordjs/ws/-/ws-0.8.3.tgz#77db8d563b731a2198c1b40f63b1ef8d230504f7"
  integrity sha512-hcYtppanjHecbdNyCKQNH2I4RP9UrphDgmRgLYrATEQF1oo4sYSve7ZmGsBEXSzH72MO2tBPdWSThunbxUVk0g==
  dependencies:
    "@discordjs/collection" "^1.5.1"
    "@discordjs/rest" "^1.7.1"
    "@discordjs/util" "^0.3.1"
    "@sapphire/async-queue" "^1.5.0"
    "@types/ws" "^8.5.4"
    "@vladfrangu/async_event_emitter" "^2.2.1"
    discord-api-types "^0.37.41"
    tslib "^2.5.0"
    ws "^8.13.0"

"@sapphire/async-queue@^1.5.0":
  version "1.5.0"
  resolved "https://registry.yarnpkg.com/@sapphire/async-queue/-/async-queue-1.5.0.tgz#2f255a3f186635c4fb5a2381e375d3dfbc5312d8"
  integrity sha512-JkLdIsP8fPAdh9ZZjrbHWR/+mZj0wvKS5ICibcLrRI1j84UmLMshx5n9QmL8b95d4onJ2xxiyugTgSAX7AalmA==

"@sapphire/shapeshift@^3.8.2":
  version "3.9.2"
  resolved "https://registry.yarnpkg.com/@sapphire/shapeshift/-/shapeshift-3.9.2.tgz#a9c12cd51e1bc467619bb56df804450dd14871ac"
  integrity sha512-YRbCXWy969oGIdqR/wha62eX8GNHsvyYi0Rfd4rNW6tSVVa8p0ELiMEuOH/k8rgtvRoM+EMV7Csqz77YdwiDpA==
  dependencies:
    fast-deep-equal "^3.1.3"
    lodash "^4.17.21"

"@sapphire/snowflake@^3.4.2":
  version "3.5.1"
  resolved "https://registry.yarnpkg.com/@sapphire/snowflake/-/snowflake-3.5.1.tgz#254521c188b49e8b2d4cc048b475fb2b38737fec"
  integrity sha512-BxcYGzgEsdlG0dKAyOm0ehLGm2CafIrfQTZGWgkfKYbj+pNNsorZ7EotuZukc2MT70E0UbppVbtpBrqpzVzjNA==

"@tokenizer/token@^0.3.0":
  version "0.3.0"
  resolved "https://registry.yarnpkg.com/@tokenizer/token/-/token-0.3.0.tgz#fe98a93fe789247e998c75e74e9c7c63217aa276"
  integrity sha512-OvjF+z51L3ov0OyAU0duzsYuvO01PH7x4t6DJx+guahgTnBHkhJdG7soQeTSFLWN3efnHyibZ4Z8l2EuWwJN3A==

"@types/node-schedule@^2.1.0":
  version "2.1.0"
  resolved "https://registry.yarnpkg.com/@types/node-schedule/-/node-schedule-2.1.0.tgz#60375640c0509bab963573def9d1f417f438c290"
  integrity sha512-NiTwl8YN3v/1YCKrDFSmCTkVxFDylueEqsOFdgF+vPsm+AlyJKGAo5yzX1FiOxPsZiN6/r8gJitYx2EaSuBmmg==
  dependencies:
    "@types/node" "*"

"@types/node@*":
  version "20.3.0"
  resolved "https://registry.yarnpkg.com/@types/node/-/node-20.3.0.tgz#719498898d5defab83c3560f45d8498f58d11938"
  integrity sha512-cumHmIAf6On83X7yP+LrsEyUOf/YlociZelmpRYaGFydoaPdxdt80MAbu6vWerQT2COCp2nPvHdsbD7tHn/YlQ==

"@types/node@^18.17.6":
  version "18.17.6"
  resolved "https://registry.yarnpkg.com/@types/node/-/node-18.17.6.tgz#0296e9a30b22d2a8fcaa48d3c45afe51474ca55b"
  integrity sha512-fGmT/P7z7ecA6bv/ia5DlaWCH4YeZvAQMNpUhrJjtAhOhZfoxS1VLUgU2pdk63efSjQaOJWdXMuAJsws+8I6dg==

"@types/ws@^8.5.4":
  version "8.5.5"
  resolved "https://registry.yarnpkg.com/@types/ws/-/ws-8.5.5.tgz#af587964aa06682702ee6dcbc7be41a80e4b28eb"
  integrity sha512-lwhs8hktwxSjf9UaZ9tG5M03PGogvFaH8gUgLNbN9HKIg0dvv6q+gkSuJ8HN4/VbyxkuLzCjlN7GquQ0gUJfIg==
  dependencies:
    "@types/node" "*"

"@vladfrangu/async_event_emitter@^2.2.1":
  version "2.2.2"
  resolved "https://registry.yarnpkg.com/@vladfrangu/async_event_emitter/-/async_event_emitter-2.2.2.tgz#84c5a3f8d648842cec5cc649b88df599af32ed88"
  integrity sha512-HIzRG7sy88UZjBJamssEczH5q7t5+axva19UbZLO6u0ySbYPrwzWiXBcC0WuHyhKKoeCyneH+FvYzKQq/zTtkQ==

algoliasearch@^4.19.1:
  version "4.19.1"
  resolved "https://registry.yarnpkg.com/algoliasearch/-/algoliasearch-4.19.1.tgz#18111fb422eaf841737adb92d5ab12133d244218"
  integrity sha512-IJF5b93b2MgAzcE/tuzW0yOPnuUyRgGAtaPv5UUywXM8kzqfdwZTO4sPJBzoGz1eOy6H9uEchsJsBFTELZSu+g==
  dependencies:
    "@algolia/cache-browser-local-storage" "4.19.1"
    "@algolia/cache-common" "4.19.1"
    "@algolia/cache-in-memory" "4.19.1"
    "@algolia/client-account" "4.19.1"
    "@algolia/client-analytics" "4.19.1"
    "@algolia/client-common" "4.19.1"
    "@algolia/client-personalization" "4.19.1"
    "@algolia/client-search" "4.19.1"
    "@algolia/logger-common" "4.19.1"
    "@algolia/logger-console" "4.19.1"
    "@algolia/requester-browser-xhr" "4.19.1"
    "@algolia/requester-common" "4.19.1"
    "@algolia/requester-node-http" "4.19.1"
    "@algolia/transporter" "4.19.1"

busboy@^1.6.0:
  version "1.6.0"
  resolved "https://registry.yarnpkg.com/busboy/-/busboy-1.6.0.tgz#966ea36a9502e43cdb9146962523b92f531f6893"
  integrity sha512-8SFQbg/0hQ9xy3UNTB0YEnsNBbWfhf7RtnzpL7TkBiTBRfrQ9Fxcnz7VJsleJpyp6rVLvXiuORqjlHi5q+PYuA==
  dependencies:
    streamsearch "^1.1.0"

cron-parser@^4.2.0:
  version "4.8.1"
  resolved "https://registry.yarnpkg.com/cron-parser/-/cron-parser-4.8.1.tgz#47062ea63d21d78c10ddedb08ea4c5b6fc2750fb"
  integrity sha512-jbokKWGcyU4gl6jAfX97E1gDpY12DJ1cLJZmoDzaAln/shZ+S3KBFBuA2Q6WeUN4gJf/8klnV1EfvhA2lK5IRQ==
  dependencies:
    luxon "^3.2.1"

date-fns@^2.30.0:
  version "2.30.0"
  resolved "https://registry.yarnpkg.com/date-fns/-/date-fns-2.30.0.tgz#f367e644839ff57894ec6ac480de40cae4b0f4d0"
  integrity sha512-fnULvOpxnC5/Vg3NCiWelDsLiUc9bRwAPs/+LfTLNvetFCtCTN+yQz15C/fs4AwX1R9K5GLtLfn8QW+dWisaAw==
  dependencies:
    "@babel/runtime" "^7.21.0"

discord-api-types@^0.37.41:
  version "0.37.43"
  resolved "https://registry.yarnpkg.com/discord-api-types/-/discord-api-types-0.37.43.tgz#94ae2b949e3aa092f5e93b0f3cf8e6620583749c"
  integrity sha512-bBhDWU3TF9KADxR/mHp1K4Bvu/LRtFQdGyBjADu4e66F3ZnD4kp12W/SJCttIaCcMXzPV3sfty6eDGRNRph51Q==

discord.js@^14.9.0:
  version "14.11.0"
  resolved "https://registry.yarnpkg.com/discord.js/-/discord.js-14.11.0.tgz#6529d49f30d10fc5a9ff8e6796661aa998769afe"
  integrity sha512-CkueWYFQ28U38YPR8HgsBR/QT35oPpMbEsTNM30Fs8loBIhnA4s70AwQEoy6JvLcpWWJO7GY0y2BUzZmuBMepQ==
  dependencies:
    "@discordjs/builders" "^1.6.3"
    "@discordjs/collection" "^1.5.1"
    "@discordjs/formatters" "^0.3.1"
    "@discordjs/rest" "^1.7.1"
    "@discordjs/util" "^0.3.1"
    "@discordjs/ws" "^0.8.3"
    "@sapphire/snowflake" "^3.4.2"
    "@types/ws" "^8.5.4"
    discord-api-types "^0.37.41"
    fast-deep-equal "^3.1.3"
    lodash.snakecase "^4.1.1"
    tslib "^2.5.0"
    undici "^5.22.0"
    ws "^8.13.0"

dotenv@^16.3.1:
  version "16.3.1"
  resolved "https://registry.yarnpkg.com/dotenv/-/dotenv-16.3.1.tgz#369034de7d7e5b120972693352a3bf112172cc3e"
  integrity sha512-IPzF4w4/Rd94bA9imS68tZBaYyBWSCE47V1RGuMrB94iyTOIEwRmVL2x/4An+6mETpLrKJ5hQkB8W4kFAadeIQ==

fast-deep-equal@^3.1.3:
  version "3.1.3"
  resolved "https://registry.yarnpkg.com/fast-deep-equal/-/fast-deep-equal-3.1.3.tgz#3a7d56b559d6cbc3eb512325244e619a65c6c525"
  integrity sha512-f3qQ9oQy9j2AhBe/H9VC91wLmKBCCU/gDOnKNAYG5hswO7BLKj09Hc5HYNz9cGI++xlpDCIgDaitVs03ATR84Q==

file-type@^18.3.0:
  version "18.5.0"
  resolved "https://registry.yarnpkg.com/file-type/-/file-type-18.5.0.tgz#604a001ba0d32577d4c3fa420ee104d656b914d2"
  integrity sha512-yvpl5U868+V6PqXHMmsESpg6unQ5GfnPssl4dxdJudBrr9qy7Fddt7EVX1VLlddFfe8Gj9N7goCZH22FXuSQXQ==
  dependencies:
    readable-web-to-node-stream "^3.0.2"
    strtok3 "^7.0.0"
    token-types "^5.0.1"

html-entities@^2.4.0:
  version "2.4.0"
  resolved "https://registry.yarnpkg.com/html-entities/-/html-entities-2.4.0.tgz#edd0cee70402584c8c76cc2c0556db09d1f45061"
  integrity sha512-igBTJcNNNhvZFRtm8uA6xMY6xYleeDwn3PeBCkDz7tHttv4F2hsDI2aPgNERWzvRcNYHNT3ymRaQzllmXj4YsQ==

ieee754@^1.2.1:
  version "1.2.1"
  resolved "https://registry.yarnpkg.com/ieee754/-/ieee754-1.2.1.tgz#8eb7a10a63fff25d15a57b001586d177d1b0d352"
  integrity sha512-dcyqhDvX1C46lXZcVqCpK+FtMRQVdIMN6/Df5js2zouUsqG7I6sFxitIC+7KYK29KdXOLHdu9zL4sFnoVQnqaA==

inherits@^2.0.3:
  version "2.0.4"
  resolved "https://registry.yarnpkg.com/inherits/-/inherits-2.0.4.tgz#0fa2c64f932917c3433a0ded55363aae37416b7c"
  integrity sha512-k/vGaX4/Yla3WzyMCvTQOXYeIHvqOKtnqBduzTHpzpQZzAskKMhZ2K+EnBiSM9zGSoIFeMpXKxa4dYeZIQqewQ==

lodash.snakecase@^4.1.1:
  version "4.1.1"
  resolved "https://registry.yarnpkg.com/lodash.snakecase/-/lodash.snakecase-4.1.1.tgz#39d714a35357147837aefd64b5dcbb16becd8f8d"
  integrity sha512-QZ1d4xoBHYUeuouhEq3lk3Uq7ldgyFXGBhg04+oRLnIz8o9T65Eh+8YdroUwn846zchkA9yDsDl5CVVaV2nqYw==

lodash@^4.17.21:
  version "4.17.21"
  resolved "https://registry.yarnpkg.com/lodash/-/lodash-4.17.21.tgz#679591c564c3bffaae8454cf0b3df370c3d6911c"
  integrity sha512-v2kDEe57lecTulaDIuNTPy3Ry4gLGJ6Z1O3vE1krgXZNrsQ+LFTGHVxVjcXPs17LhbZVGedAJv8XZ1tvj5FvSg==

long-timeout@0.1.1:
  version "0.1.1"
  resolved "https://registry.yarnpkg.com/long-timeout/-/long-timeout-0.1.1.tgz#9721d788b47e0bcb5a24c2e2bee1a0da55dab514"
  integrity sha512-BFRuQUqc7x2NWxfJBCyUrN8iYUYznzL9JROmRz1gZ6KlOIgmoD+njPVbb+VNn2nGMKggMsK79iUNErillsrx7w==

luxon@^3.2.1:
  version "3.3.0"
  resolved "https://registry.yarnpkg.com/luxon/-/luxon-3.3.0.tgz#d73ab5b5d2b49a461c47cedbc7e73309b4805b48"
  integrity sha512-An0UCfG/rSiqtAIiBPO0Y9/zAnHUZxAMiCpTd5h2smgsj7GGmcenvrvww2cqNA8/4A5ZrD1gJpHN2mIHZQF+Mg==

node-schedule@^2.1.1:
  version "2.1.1"
  resolved "https://registry.yarnpkg.com/node-schedule/-/node-schedule-2.1.1.tgz#6958b2c5af8834954f69bb0a7a97c62b97185de3"
  integrity sha512-OXdegQq03OmXEjt2hZP33W2YPs/E5BcFQks46+G2gAxs4gHOIVD1u7EqlYLYSKsaIpyKCK9Gbk0ta1/gjRSMRQ==
  dependencies:
    cron-parser "^4.2.0"
    long-timeout "0.1.1"
    sorted-array-functions "^1.3.0"

peek-readable@^5.0.0:
  version "5.0.0"
  resolved "https://registry.yarnpkg.com/peek-readable/-/peek-readable-5.0.0.tgz#7ead2aff25dc40458c60347ea76cfdfd63efdfec"
  integrity sha512-YtCKvLUOvwtMGmrniQPdO7MwPjgkFBtFIrmfSbYmYuq3tKDV/mcfAhBth1+C3ru7uXIZasc/pHnb+YDYNkkj4A==

readable-stream@^3.6.0:
  version "3.6.2"
  resolved "https://registry.yarnpkg.com/readable-stream/-/readable-stream-3.6.2.tgz#56a9b36ea965c00c5a93ef31eb111a0f11056967"
  integrity sha512-9u/sniCrY3D5WdsERHzHE4G2YCXqoG5FTHUiCC4SIbr6XcLZBY05ya9EKjYek9O5xOAwjGq+1JdGBAS7Q9ScoA==
  dependencies:
    inherits "^2.0.3"
    string_decoder "^1.1.1"
    util-deprecate "^1.0.1"

readable-web-to-node-stream@^3.0.2:
  version "3.0.2"
  resolved "https://registry.yarnpkg.com/readable-web-to-node-stream/-/readable-web-to-node-stream-3.0.2.tgz#5d52bb5df7b54861fd48d015e93a2cb87b3ee0bb"
  integrity sha512-ePeK6cc1EcKLEhJFt/AebMCLL+GgSKhuygrZ/GLaKZYEecIgIECf4UaUuaByiGtzckwR4ain9VzUh95T1exYGw==
  dependencies:
    readable-stream "^3.6.0"

regenerator-runtime@^0.14.0:
  version "0.14.0"
  resolved "https://registry.yarnpkg.com/regenerator-runtime/-/regenerator-runtime-0.14.0.tgz#5e19d68eb12d486f797e15a3c6a918f7cec5eb45"
  integrity sha512-srw17NI0TUWHuGa5CFGGmhfNIeja30WMBfbslPNhf6JrqQlLN5gcrvig1oqPxiVaXb0oW0XRKtH6Nngs5lKCIA==

safe-buffer@~5.2.0:
  version "5.2.1"
  resolved "https://registry.yarnpkg.com/safe-buffer/-/safe-buffer-5.2.1.tgz#1eaf9fa9bdb1fdd4ec75f58f9cdb4e6b7827eec6"
  integrity sha512-rp3So07KcdmmKbGvgaNxQSJr7bGVSVk5S9Eq1F+ppbRo70+YeaDxkw5Dd8NPN+GD6bjnYm2VuPuCXmpuYvmCXQ==

sorted-array-functions@^1.3.0:
  version "1.3.0"
  resolved "https://registry.yarnpkg.com/sorted-array-functions/-/sorted-array-functions-1.3.0.tgz#8605695563294dffb2c9796d602bd8459f7a0dd5"
  integrity sha512-2sqgzeFlid6N4Z2fUQ1cvFmTOLRi/sEDzSQ0OKYchqgoPmQBVyM3959qYx3fpS6Esef80KjmpgPeEr028dP3OA==

streamsearch@^1.1.0:
  version "1.1.0"
  resolved "https://registry.yarnpkg.com/streamsearch/-/streamsearch-1.1.0.tgz#404dd1e2247ca94af554e841a8ef0eaa238da764"
  integrity sha512-Mcc5wHehp9aXz1ax6bZUyY5afg9u2rv5cqQI3mRrYkGC8rW2hM02jWuwjtL++LS5qinSyhj2QfLyNsuc+VsExg==

string_decoder@^1.1.1:
  version "1.3.0"
  resolved "https://registry.yarnpkg.com/string_decoder/-/string_decoder-1.3.0.tgz#42f114594a46cf1a8e30b0a84f56c78c3edac21e"
  integrity sha512-hkRX8U1WjJFd8LsDJ2yQ/wWWxaopEsABU1XfkM8A+j0+85JAGppt16cr1Whg6KIbb4okU6Mql6BOj+uup/wKeA==
  dependencies:
    safe-buffer "~5.2.0"

strtok3@^7.0.0:
  version "7.0.0"
  resolved "https://registry.yarnpkg.com/strtok3/-/strtok3-7.0.0.tgz#868c428b4ade64a8fd8fee7364256001c1a4cbe5"
  integrity sha512-pQ+V+nYQdC5H3Q7qBZAz/MO6lwGhoC2gOAjuouGf/VO0m7vQRh8QNMl2Uf6SwAtzZ9bOw3UIeBukEGNJl5dtXQ==
  dependencies:
    "@tokenizer/token" "^0.3.0"
    peek-readable "^5.0.0"

token-types@^5.0.1:
  version "5.0.1"
  resolved "https://registry.yarnpkg.com/token-types/-/token-types-5.0.1.tgz#aa9d9e6b23c420a675e55413b180635b86a093b4"
  integrity sha512-Y2fmSnZjQdDb9W4w4r1tswlMHylzWIeOKpx0aZH9BgGtACHhrk3OkT52AzwcuqTRBZtvvnTjDBh8eynMulu8Vg==
  dependencies:
    "@tokenizer/token" "^0.3.0"
    ieee754 "^1.2.1"

ts-mixer@^6.0.3:
  version "6.0.3"
  resolved "https://registry.yarnpkg.com/ts-mixer/-/ts-mixer-6.0.3.tgz#69bd50f406ff39daa369885b16c77a6194c7cae6"
  integrity sha512-k43M7uCG1AkTyxgnmI5MPwKoUvS/bRvLvUb7+Pgpdlmok8AoqmUaZxUUw8zKM5B1lqZrt41GjYgnvAi0fppqgQ==

tslib@^2.5.0:
  version "2.5.3"
  resolved "https://registry.yarnpkg.com/tslib/-/tslib-2.5.3.tgz#24944ba2d990940e6e982c4bea147aba80209913"
  integrity sha512-mSxlJJwl3BMEQCUNnxXBU9jP4JBktcEGhURcPR6VQVlnP0FdDEsIaz0C35dXNGLyRfrATNofF0F5p2KPxQgB+w==

typescript@^4.9.5:
  version "4.9.5"
  resolved "https://registry.yarnpkg.com/typescript/-/typescript-4.9.5.tgz#095979f9bcc0d09da324d58d03ce8f8374cbe65a"
  integrity sha512-1FXk9E2Hm+QzZQ7z+McJiHL4NW1F2EzMu9Nq9i3zAaGqibafqYwCVU6WyWAuyQRRzOlxou8xZSyXLEN8oKj24g==

undici@^5.22.0:
  version "5.22.1"
  resolved "https://registry.yarnpkg.com/undici/-/undici-5.22.1.tgz#877d512effef2ac8be65e695f3586922e1a57d7b"
  integrity sha512-Ji2IJhFXZY0x/0tVBXeQwgPlLWw13GVzpsWPQ3rV50IFMMof2I55PZZxtm4P6iNq+L5znYN9nSTAq0ZyE6lSJw==
  dependencies:
    busboy "^1.6.0"

util-deprecate@^1.0.1:
  version "1.0.2"
  resolved "https://registry.yarnpkg.com/util-deprecate/-/util-deprecate-1.0.2.tgz#450d4dc9fa70de732762fbd2d4a28981419a0ccf"
  integrity sha512-EPD5q1uXyFxJpCrLnCc1nHnq3gOa6DZBocAIiI2TaSCA7VCJ1UJDMagCzIkXNsUYfD1daK//LTEQ8xiIbrHtcw==

ws@^8.13.0:
  version "8.13.0"
  resolved "https://registry.yarnpkg.com/ws/-/ws-8.13.0.tgz#9a9fb92f93cf41512a0735c8f4dd09b8a1211cd0"
  integrity sha512-x9vcZYTrFPC7aSIbj7sRCYo7L/Xb8Iy+pW0ng0wt2vCJv7M9HOMy0UoN3rr+IFC7hb7vXoqS+P9ktyLLLhO+LA==
